// !$*UTF8*$!
{
	archiveVersion = 1;
	classes = {
	};
	objectVersion = 46;
	objects = {

/* Begin PBXBuildFile section */
		201572CF207727C200B3DE67 /* AppDelegate.swift in Sources */ = {isa = PBXBuildFile; fileRef = 201572CE207727C200B3DE67 /* AppDelegate.swift */; };
		201572D1207727C200B3DE67 /* ViewController.swift in Sources */ = {isa = PBXBuildFile; fileRef = 201572D0207727C200B3DE67 /* ViewController.swift */; };
		201572D4207727C200B3DE67 /* Main.storyboard in Resources */ = {isa = PBXBuildFile; fileRef = 201572D2207727C200B3DE67 /* Main.storyboard */; };
		201572D6207727C200B3DE67 /* Assets.xcassets in Resources */ = {isa = PBXBuildFile; fileRef = 201572D5207727C200B3DE67 /* Assets.xcassets */; };
		201572D9207727C200B3DE67 /* LaunchScreen.storyboard in Resources */ = {isa = PBXBuildFile; fileRef = 201572D7207727C200B3DE67 /* LaunchScreen.storyboard */; };
/* End PBXBuildFile section */

/* Begin PBXFileReference section */
		201572CB207727C200B3DE67 /* test git.app */ = {isa = PBXFileReference; explicitFileType = wrapper.application; includeInIndex = 0; path = "test git.app"; sourceTree = BUILT_PRODUCTS_DIR; };
		201572CE207727C200B3DE67 /* AppDelegate.swift */ = {isa = PBXFileReference; lastKnownFileType = sourcecode.swift; path = AppDelegate.swift; sourceTree = "<group>"; };
		201572D0207727C200B3DE67 /* ViewController.swift */ = {isa = PBXFileReference; lastKnownFileType = sourcecode.swift; path = ViewController.swift; sourceTree = "<group>"; };
		201572D3207727C200B3DE67 /* Base */ = {isa = PBXFileReference; lastKnownFileType = file.storyboard; name = Base; path = Base.lproj/Main.storyboard; sourceTree = "<group>"; };
		201572D5207727C200B3DE67 /* Assets.xcassets */ = {isa = PBXFileReference; lastKnownFileType = folder.assetcatalog; path = Assets.xcassets; sourceTree = "<group>"; };
		201572D8207727C200B3DE67 /* Base */ = {isa = PBXFileReference; lastKnownFileType = file.storyboard; name = Base; path = Base.lproj/LaunchScreen.storyboard; sourceTree = "<group>"; };
		201572DA207727C200B3DE67 /* Info.plist */ = {isa = PBXFileReference; lastKnownFileType = text.plist.xml; path = Info.plist; sourceTree = "<group>"; };
/* End PBXFileReference section */

/* Begin PBXFrameworksBuildPhase section */
		201572C8207727C200B3DE67 /* Frameworks */ = {
			isa = PBXFrameworksBuildPhase;
			buildActionMask = 2147483647;
			files = (
			);
			runOnlyForDeploymentPostprocessing = 0;
		};
/* End PBXFrameworksBuildPhase section */

/* Begin PBXGroup section */
		201572C2207727C200B3DE67 = {
			isa = PBXGroup;
			children = (
				201572CD207727C200B3DE67 /* test git */,
				201572CC207727C200B3DE67 /* Products */,
			);
			sourceTree = "<group>";
		};
		201572CC207727C200B3DE67 /* Products */ = {
			isa = PBXGroup;
			children = (
				201572CB207727C200B3DE67 /* test git.app */,
			);
			name = Products;
			sourceTree = "<group>";
		};
		201572CD207727C200B3DE67 /* test git */ = {
			isa = PBXGroup;
			children = (
				201572CE207727C200B3DE67 /* AppDelegate.swift */,
				201572D0207727C200B3DE67 /* ViewController.swift */,
				201572D2207727C200B3DE67 /* Main.storyboard */,
				201572D5207727C200B3DE67 /* Assets.xcassets */,
				201572D7207727C200B3DE67 /* LaunchScreen.storyboard */,
				201572DA207727C200B3DE67 /* Info.plist */,
			);
			path = "test git";
			sourceTree = "<group>";
		};
/* End PBXGroup section */

/* Begin PBXNativeTarget section */
		201572CA207727C200B3DE67 /* test git */ = {
			isa = PBXNativeTarget;
			buildConfigurationList = 201572DD207727C200B3DE67 /* Build configuration list for PBXNativeTarget "test git" */;
			buildPhases = (
				201572C7207727C200B3DE67 /* Sources */,
				201572C8207727C200B3DE67 /* Frameworks */,
				201572C9207727C200B3DE67 /* Resources */,
			);
			buildRules = (
			);
			dependencies = (
			);
			name = "test git";
			productName = "test git";
			productReference = 201572CB207727C200B3DE67 /* test git.app */;
			productType = "com.apple.product-type.application";
		};
/* End PBXNativeTarget section */

/* Begin PBXProject section */
		201572C3207727C200B3DE67 /* Project object */ = {
			isa = PBXProject;
			attributes = {
				LastSwiftUpdateCheck = 0830;
				LastUpgradeCheck = 0830;
				ORGANIZATIONNAME = Hoang;
				TargetAttributes = {
					201572CA207727C200B3DE67 = {
						CreatedOnToolsVersion = 8.3.3;
						DevelopmentTeam = XU6W5S6ZZV;
						ProvisioningStyle = Automatic;
					};
				};
			};
			buildConfigurationList = 201572C6207727C200B3DE67 /* Build configuration list for PBXProject "test git" */;
			compatibilityVersion = "Xcode 3.2";
			developmentRegion = English;
			hasScannedForEncodings = 0;
			knownRegions = (
				en,
				Base,
			);
			mainGroup = 201572C2207727C200B3DE67;
			productRefGroup = 201572CC207727C200B3DE67 /* Products */;
			projectDirPath = "";
			projectRoot = "";
			targets = (
				201572CA207727C200B3DE67 /* test git */,
			);
		};
/* End PBXProject section */

/* Begin PBXResourcesBuildPhase section */
		201572C9207727C200B3DE67 /* Resources */ = {
			isa = PBXResourcesBuildPhase;
			buildActionMask = 2147483647;
			files = (
				201572D9207727C200B3DE67 /* LaunchScreen.storyboard in Resources */,
				201572D6207727C200B3DE67 /* Assets.xcassets in Resources */,
				201572D4207727C200B3DE67 /* Main.storyboard in Resources */,
			);
			runOnlyForDeploymentPostprocessing = 0;
		};
/* End PBXResourcesBuildPhase section */

/* Begin PBXSourcesBuildPhase section */
		201572C7207727C200B3DE67 /* Sources */ = {
			isa = PBXSourcesBuildPhase;
			buildActionMask = 2147483647;
			files = (
				201572D1207727C200B3DE67 /* ViewController.swift in Sources */,
				201572CF207727C200B3DE67 /* AppDelegate.swift in Sources */,
			);
			runOnlyForDeploymentPostprocessing = 0;
		};
/* End PBXSourcesBuildPhase section */

/* Begin PBXVariantGroup section */
		201572D2207727C200B3DE67 /* Main.storyboard */ = {
			isa = PBXVariantGroup;
			children = (
				201572D3207727C200B3DE67 /* Base */,
			);
			name = Main.storyboard;
			sourceTree = "<group>";
		};
		201572D7207727C200B3DE67 /* LaunchScreen.storyboard */ = {
			isa = PBXVariantGroup;
			children = (
				201572D8207727C200B3DE67 /* Base */,
			);
			name = LaunchScreen.storyboard;
			sourceTree = "<group>";
		};
/* End PBXVariantGroup section */

/* Begin XCBuildConfiguration section */
		201572DB207727C200B3DE67 /* Debug */ = {
			isa = XCBuildConfiguration;
			buildSettings = {
				ALWAYS_SEARCH_USER_PATHS = NO;
				CLANG_ANALYZER_NONNULL = YES;
				CLANG_ANALYZER_NUMBER_OBJECT_CONVERSION = YES_AGGRESSIVE;
				CLANG_CXX_LANGUAGE_STANDARD = "gnu++0x";
				CLANG_CXX_LIBRARY = "libc++";
				CLANG_ENABLE_MODULES = YES;
				CLANG_ENABLE_OBJC_ARC = YES;
				CLANG_WARN_BOOL_CONVERSION = YES;
				CLANG_WARN_CONSTANT_CONVERSION = YES;
				CLANG_WARN_DIRECT_OBJC_ISA_USAGE = YES_ERROR;
				CLANG_WARN_DOCUMENTATION_COMMENTS = YES;
				CLANG_WARN_EMPTY_BODY = YES;
				CLANG_WARN_ENUM_CONVERSION = YES;
				CLANG_WARN_INFINITE_RECURSION = YES;
				CLANG_WARN_INT_CONVERSION = YES;
				CLANG_WARN_OBJC_ROOT_CLASS = YES_ERROR;
				CLANG_WARN_SUSPICIOUS_MOVE = YES;
				CLANG_WARN_UNREACHABLE_CODE = YES;
				CLANG_WARN__DUPLICATE_METHOD_MATCH = YES;
				"CODE_SIGN_IDENTITY[sdk=iphoneos*]" = "iPhone Developer";
				COPY_PHASE_STRIP = NO;
				DEBUG_INFORMATION_FORMAT = dwarf;
				ENABLE_STRICT_OBJC_MSGSEND = YES;
				ENABLE_TESTABILITY = YES;
				GCC_C_LANGUAGE_STANDARD = gnu99;
				GCC_DYNAMIC_NO_PIC = NO;
				GCC_NO_COMMON_BLOCKS = YES;
				GCC_OPTIMIZATION_LEVEL = 0;
				GCC_PREPROCESSOR_DEFINITIONS = (
					"DEBUG=1",
					"$(inherited)",
				);
				GCC_WARN_64_TO_32_BIT_CONVERSION = YES;
				GCC_WARN_ABOUT_RETURN_TYPE = YES_ERROR;
				GCC_WARN_UNDECLARED_SELECTOR = YES;
				GCC_WARN_UNINITIALIZED_AUTOS = YES_AGGRESSIVE;
				GCC_WARN_UNUSED_FUNCTION = YES;
				GCC_WARN_UNUSED_VARIABLE = YES;
				IPHONEOS_DEPLOYMENT_TARGET = 10.3;
				MTL_ENABLE_DEBUG_INFO = YES;
				ONLY_ACTIVE_ARCH = YES;
				SDKROOT = iphoneos;
				SWIFT_ACTIVE_COMPILATION_CONDITIONS = DEBUG;
				SWIFT_OPTIMIZATION_LEVEL = "-Onone";
			};
			name = Debug;
		};
		201572DC207727C200B3DE67 /* Release */ = {
			isa = XCBuildConfiguration;
			buildSettings = {
				ALWAYS_SEARCH_USER_PATHS = NO;
				CLANG_ANALYZER_NONNULL = YES;
				CLANG_ANALYZER_NUMBER_OBJECT_CONVERSION = YES_AGGRESSIVE;
				CLANG_CXX_LANGUAGE_STANDARD = "gnu++0x";
				CLANG_CXX_LIBRARY = "libc++";
				CLANG_ENABLE_MODULES = YES;
				CLANG_ENABLE_OBJC_ARC = YES;
				CLANG_WARN_BOOL_CONVERSION = YES;
				CLANG_WARN_CONSTANT_CONVERSION = YES;
				CLANG_WARN_DIRECT_OBJC_ISA_USAGE = YES_ERROR;
				CLANG_WARN_DOCUMENTATION_COMMENTS = YES;
				CLANG_WARN_EMPTY_BODY = YES;
				CLANG_WARN_ENUM_CONVERSION = YES;
				CLANG_WARN_INFINITE_RECURSION = YES;
				CLANG_WARN_INT_CONVERSION = YES;
				CLANG_WARN_OBJC_ROOT_CLASS = YES_ERROR;
				CLANG_WARN_SUSPICIOUS_MOVE = YES;
				CLANG_WARN_UNREACHABLE_CODE = YES;
				CLANG_WARN__DUPLICATE_METHOD_MATCH = YES;
				"CODE_SIGN_IDENTITY[sdk=iphoneos*]" = "iPhone Developer";
				COPY_PHASE_STRIP = NO;
				DEBUG_INFORMATION_FORMAT = "dwarf-with-dsym";
				ENABLE_NS_ASSERTIONS = NO;
				ENABLE_STRICT_OBJC_MSGSEND = YES;
				GCC_C_LANGUAGE_STANDARD = gnu99;
				GCC_NO_COMMON_BLOCKS = YES;
				GCC_WARN_64_TO_32_BIT_CONVERSION = YES;
				GCC_WARN_ABOUT_RETURN_TYPE = YES_ERROR;
				GCC_WARN_UNDECLARED_SELECTOR = YES;
				GCC_WARN_UNINITIALIZED_AUTOS = YES_AGGRESSIVE;
				GCC_WARN_UNUSED_FUNCTION = YES;
				GCC_WARN_UNUSED_VARIABLE = YES;
				IPHONEOS_DEPLOYMENT_TARGET = 10.3;
				MTL_ENABLE_DEBUG_INFO = NO;
				SDKROOT = iphoneos;
				SWIFT_OPTIMIZATION_LEVEL = "-Owholemodule";
				VALIDATE_PRODUCT = YES;
			};
			name = Release;
		};
		201572DE207727C200B3DE67 /* Debug */ = {
			isa = XCBuildConfiguration;
			buildSettings = {
				ASSETCATALOG_COMPILER_APPICON_NAME = AppIcon;
				DEVELOPMENT_TEAM = XU6W5S6ZZV;
				INFOPLIST_FILE = "test git/Info.plist";
				LD_RUNPATH_SEARCH_PATHS = "$(inherited) @executable_path/Frameworks";
				PRODUCT_BUNDLE_IDENTIFIER = "com.education.test-git";
				PRODUCT_NAME = "$(TARGET_NAME)";
				SWIFT_VERSION = 3.0;
			};
			name = Debug;
		};
		201572DF207727C200B3DE67 /* Release */ = {
			isa = XCBuildConfiguration;
			buildSettings = {
				ASSETCATALOG_COMPILER_APPICON_NAME = AppIcon;
				DEVELOPMENT_TEAM = XU6W5S6ZZV;
				INFOPLIST_FILE = "test git/Info.plist";
				LD_RUNPATH_SEARCH_PATHS = "$(inherited) @executable_path/Frameworks";
				PRODUCT_BUNDLE_IDENTIFIER = "com.education.test-git";
				PRODUCT_NAME = "$(TARGET_NAME)";
				SWIFT_VERSION = 3.0;
			};
			name = Release;
		};
/* End XCBuildConfiguration section */

/* Begin XCConfigurationList section */
		201572C6207727C200B3DE67 /* Build configuration list for PBXProject "test git" */ = {
			isa = XCConfigurationList;
			buildConfigurations = (
				201572DB207727C200B3DE67 /* Debug */,
				201572DC207727C200B3DE67 /* Release */,
			);
			defaultConfigurationIsVisible = 0;
			defaultConfigurationName = Release;
		};
		201572DD207727C200B3DE67 /* Build configuration list for PBXNativeTarget "test git" */ = {
			isa = XCConfigurationList;
			buildConfigurations = (
				201572DE207727C200B3DE67 /* Debug */,
				201572DF207727C200B3DE67 /* Release */,
			);
			defaultConfigurationIsVisible = 0;
		};
/* End XCConfigurationList section */
	};
	rootObject = 201572C3207727C200B3DE67 /* Project object */;
}
